// !$*UTF8*$!
{
	archiveVersion = 1;
	classes = {
	};
	objectVersion = 46;
	objects = {

/* Begin PBXBuildFile section */
		CD032ED01BEC138E00B0076B /* main.m in Sources */ = {isa = PBXBuildFile; fileRef = CD032ECF1BEC138E00B0076B /* main.m */; };
		CD032ED31BEC138E00B0076B /* AppDelegate.m in Sources */ = {isa = PBXBuildFile; fileRef = CD032ED21BEC138E00B0076B /* AppDelegate.m */; };
		CD032ED61BEC138E00B0076B /* ViewController.m in Sources */ = {isa = PBXBuildFile; fileRef = CD032ED51BEC138E00B0076B /* ViewController.m */; };
		CD032ED91BEC138E00B0076B /* Main.storyboard in Resources */ = {isa = PBXBuildFile; fileRef = CD032ED71BEC138E00B0076B /* Main.storyboard */; };
		CD032EDB1BEC138E00B0076B /* Assets.xcassets in Resources */ = {isa = PBXBuildFile; fileRef = CD032EDA1BEC138E00B0076B /* Assets.xcassets */; };
		CD032EDE1BEC138E00B0076B /* LaunchScreen.storyboard in Resources */ = {isa = PBXBuildFile; fileRef = CD032EDC1BEC138E00B0076B /* LaunchScreen.storyboard */; };
/* End PBXBuildFile section */

/* Begin PBXFileReference section */
		CD032ECB1BEC138E00B0076B /* week3-lab-chat.app */ = {isa = PBXFileReference; explicitFileType = wrapper.application; includeInIndex = 0; path = "week3-lab-chat.app"; sourceTree = BUILT_PRODUCTS_DIR; };
		CD032ECF1BEC138E00B0076B /* main.m */ = {isa = PBXFileReference; lastKnownFileType = sourcecode.c.objc; path = main.m; sourceTree = "<group>"; };
		CD032ED11BEC138E00B0076B /* AppDelegate.h */ = {isa = PBXFileReference; lastKnownFileType = sourcecode.c.h; path = AppDelegate.h; sourceTree = "<group>"; };
		CD032ED21BEC138E00B0076B /* AppDelegate.m */ = {isa = PBXFileReference; lastKnownFileType = sourcecode.c.objc; path = AppDelegate.m; sourceTree = "<group>"; };
		CD032ED41BEC138E00B0076B /* ViewController.h */ = {isa = PBXFileReference; lastKnownFileType = sourcecode.c.h; path = ViewController.h; sourceTree = "<group>"; };
		CD032ED51BEC138E00B0076B /* ViewController.m */ = {isa = PBXFileReference; lastKnownFileType = sourcecode.c.objc; path = ViewController.m; sourceTree = "<group>"; };
		CD032ED81BEC138E00B0076B /* Base */ = {isa = PBXFileReference; lastKnownFileType = file.storyboard; name = Base; path = Base.lproj/Main.storyboard; sourceTree = "<group>"; };
		CD032EDA1BEC138E00B0076B /* Assets.xcassets */ = {isa = PBXFileReference; lastKnownFileType = folder.assetcatalog; path = Assets.xcassets; sourceTree = "<group>"; };
		CD032EDD1BEC138E00B0076B /* Base */ = {isa = PBXFileReference; lastKnownFileType = file.storyboard; name = Base; path = Base.lproj/LaunchScreen.storyboard; sourceTree = "<group>"; };
		CD032EDF1BEC138E00B0076B /* Info.plist */ = {isa = PBXFileReference; lastKnownFileType = text.plist.xml; path = Info.plist; sourceTree = "<group>"; };
/* End PBXFileReference section */

/* Begin PBXFrameworksBuildPhase section */
		CD032EC81BEC138E00B0076B /* Frameworks */ = {
			isa = PBXFrameworksBuildPhase;
			buildActionMask = 2147483647;
			files = (
			);
			runOnlyForDeploymentPostprocessing = 0;
		};
/* End PBXFrameworksBuildPhase section */

/* Begin PBXGroup section */
		CD032EC21BEC138E00B0076B = {
			isa = PBXGroup;
			children = (
				CD032ECD1BEC138E00B0076B /* week3-lab-chat */,
				CD032ECC1BEC138E00B0076B /* Products */,
			);
			sourceTree = "<group>";
		};
		CD032ECC1BEC138E00B0076B /* Products */ = {
			isa = PBXGroup;
			children = (
				CD032ECB1BEC138E00B0076B /* week3-lab-chat.app */,
			);
			name = Products;
			sourceTree = "<group>";
		};
		CD032ECD1BEC138E00B0076B /* week3-lab-chat */ = {
			isa = PBXGroup;
			children = (
				CD032ED11BEC138E00B0076B /* AppDelegate.h */,
				CD032ED21BEC138E00B0076B /* AppDelegate.m */,
				CD032ED41BEC138E00B0076B /* ViewController.h */,
				CD032ED51BEC138E00B0076B /* ViewController.m */,
				CD032ED71BEC138E00B0076B /* Main.storyboard */,
				CD032EDA1BEC138E00B0076B /* Assets.xcassets */,
				CD032EDC1BEC138E00B0076B /* LaunchScreen.storyboard */,
				CD032EDF1BEC138E00B0076B /* Info.plist */,
				CD032ECE1BEC138E00B0076B /* Supporting Files */,
			);
			path = "week3-lab-chat";
			sourceTree = "<group>";
		};
		CD032ECE1BEC138E00B0076B /* Supporting Files */ = {
			isa = PBXGroup;
			children = (
				CD032ECF1BEC138E00B0076B /* main.m */,
			);
			name = "Supporting Files";
			sourceTree = "<group>";
		};
/* End PBXGroup section */

/* Begin PBXNativeTarget section */
		CD032ECA1BEC138E00B0076B /* week3-lab-chat */ = {
			isa = PBXNativeTarget;
			buildConfigurationList = CD032EE21BEC138E00B0076B /* Build configuration list for PBXNativeTarget "week3-lab-chat" */;
			buildPhases = (
				CD032EC71BEC138E00B0076B /* Sources */,
				CD032EC81BEC138E00B0076B /* Frameworks */,
				CD032EC91BEC138E00B0076B /* Resources */,
			);
			buildRules = (
			);
			dependencies = (
			);
			name = "week3-lab-chat";
			productName = "week3-lab-chat";
			productReference = CD032ECB1BEC138E00B0076B /* week3-lab-chat.app */;
			productType = "com.apple.product-type.application";
		};
/* End PBXNativeTarget section */

/* Begin PBXProject section */
		CD032EC31BEC138E00B0076B /* Project object */ = {
			isa = PBXProject;
			attributes = {
				LastUpgradeCheck = 0710;
				ORGANIZATIONNAME = "Juan Pablo Marzetti";
				TargetAttributes = {
					CD032ECA1BEC138E00B0076B = {
						CreatedOnToolsVersion = 7.1;
						DevelopmentTeam = W7M53HHVM3;
					};
				};
			};
			buildConfigurationList = CD032EC61BEC138E00B0076B /* Build configuration list for PBXProject "week3-lab-chat" */;
			compatibilityVersion = "Xcode 3.2";
			developmentRegion = English;
			hasScannedForEncodings = 0;
			knownRegions = (
				en,
				Base,
			);
			mainGroup = CD032EC21BEC138E00B0076B;
			productRefGroup = CD032ECC1BEC138E00B0076B /* Products */;
			projectDirPath = "";
			projectRoot = "";
			targets = (
				CD032ECA1BEC138E00B0076B /* week3-lab-chat */,
			);
		};
/* End PBXProject section */

/* Begin PBXResourcesBuildPhase section */
		CD032EC91BEC138E00B0076B /* Resources */ = {
			isa = PBXResourcesBuildPhase;
			buildActionMask = 2147483647;
			files = (
				CD032EDE1BEC138E00B0076B /* LaunchScreen.storyboard in Resources */,
				CD032EDB1BEC138E00B0076B /* Assets.xcassets in Resources */,
				CD032ED91BEC138E00B0076B /* Main.storyboard in Resources */,
			);
			runOnlyForDeploymentPostprocessing = 0;
		};
/* End PBXResourcesBuildPhase section */

/* Begin PBXSourcesBuildPhase section */
		CD032EC71BEC138E00B0076B /* Sources */ = {
			isa = PBXSourcesBuildPhase;
			buildActionMask = 2147483647;
			files = (
				CD032ED61BEC138E00B0076B /* ViewController.m in Sources */,
				CD032ED31BEC138E00B0076B /* AppDelegate.m in Sources */,
				CD032ED01BEC138E00B0076B /* main.m in Sources */,
			);
			runOnlyForDeploymentPostprocessing = 0;
		};
/* End PBXSourcesBuildPhase section */

/* Begin PBXVariantGroup section */
		CD032ED71BEC138E00B0076B /* Main.storyboard */ = {
			isa = PBXVariantGroup;
			children = (
				CD032ED81BEC138E00B0076B /* Base */,
			);
			name = Main.storyboard;
			sourceTree = "<group>";
		};
		CD032EDC1BEC138E00B0076B /* LaunchScreen.storyboard */ = {
			isa = PBXVariantGroup;
			children = (
				CD032EDD1BEC138E00B0076B /* Base */,
			);
			name = LaunchScreen.storyboard;
			sourceTree = "<group>";
		};
/* End PBXVariantGroup section */

/* Begin XCBuildConfiguration section */
		CD032EE01BEC138E00B0076B /* Debug */ = {
			isa = XCBuildConfiguration;
			buildSettings = {
				ALWAYS_SEARCH_USER_PATHS = NO;
				CLANG_CXX_LANGUAGE_STANDARD = "gnu++0x";
				CLANG_CXX_LIBRARY = "libc++";
				CLANG_ENABLE_MODULES = YES;
				CLANG_ENABLE_OBJC_ARC = YES;
				CLANG_WARN_BOOL_CONVERSION = YES;
				CLANG_WARN_CONSTANT_CONVERSION = YES;
				CLANG_WARN_DIRECT_OBJC_ISA_USAGE = YES_ERROR;
				CLANG_WARN_EMPTY_BODY = YES;
				CLANG_WARN_ENUM_CONVERSION = YES;
				CLANG_WARN_INT_CONVERSION = YES;
				CLANG_WARN_OBJC_ROOT_CLASS = YES_ERROR;
				CLANG_WARN_UNREACHABLE_CODE = YES;
				CLANG_WARN__DUPLICATE_METHOD_MATCH = YES;
				"CODE_SIGN_IDENTITY[sdk=iphoneos*]" = "iPhone Developer";
				COPY_PHASE_STRIP = NO;
				DEBUG_INFORMATION_FORMAT = dwarf;
				ENABLE_STRICT_OBJC_MSGSEND = YES;
				ENABLE_TESTABILITY = YES;
				GCC_C_LANGUAGE_STANDARD = gnu99;
				GCC_DYNAMIC_NO_PIC = NO;
				GCC_NO_COMMON_BLOCKS = YES;
				GCC_OPTIMIZATION_LEVEL = 0;
				GCC_PREPROCESSOR_DEFINITIONS = (
					"DEBUG=1",
					"$(inherited)",
				);
				GCC_WARN_64_TO_32_BIT_CONVERSION = YES;
				GCC_WARN_ABOUT_RETURN_TYPE = YES_ERROR;
				GCC_WARN_UNDECLARED_SELECTOR = YES;
				GCC_WARN_UNINITIALIZED_AUTOS = YES_AGGRESSIVE;
				GCC_WARN_UNUSED_FUNCTION = YES;
				GCC_WARN_UNUSED_VARIABLE = YES;
				IPHONEOS_DEPLOYMENT_TARGET = 9.1;
				MTL_ENABLE_DEBUG_INFO = YES;
				ONLY_ACTIVE_ARCH = YES;
				SDKROOT = iphoneos;
			};
			name = Debug;
		};
		CD032EE11BEC138E00B0076B /* Release */ = {
			isa = XCBuildConfiguration;
			buildSettings = {
				ALWAYS_SEARCH_USER_PATHS = NO;
				CLANG_CXX_LANGUAGE_STANDARD = "gnu++0x";
				CLANG_CXX_LIBRARY = "libc++";
				CLANG_ENABLE_MODULES = YES;
				CLANG_ENABLE_OBJC_ARC = YES;
				CLANG_WARN_BOOL_CONVERSION = YES;
				CLANG_WARN_CONSTANT_CONVERSION = YES;
				CLANG_WARN_DIRECT_OBJC_ISA_USAGE = YES_ERROR;
				CLANG_WARN_EMPTY_BODY = YES;
				CLANG_WARN_ENUM_CONVERSION = YES;
				CLANG_WARN_INT_CONVERSION = YES;
				CLANG_WARN_OBJC_ROOT_CLASS = YES_ERROR;
				CLANG_WARN_UNREACHABLE_CODE = YES;
				CLANG_WARN__DUPLICATE_METHOD_MATCH = YES;
				"CODE_SIGN_IDENTITY[sdk=iphoneos*]" = "iPhone Developer";
				COPY_PHASE_STRIP = NO;
				DEBUG_INFORMATION_FORMAT = "dwarf-with-dsym";
				ENABLE_NS_ASSERTIONS = NO;
				ENABLE_STRICT_OBJC_MSGSEND = YES;
				GCC_C_LANGUAGE_STANDARD = gnu99;
				GCC_NO_COMMON_BLOCKS = YES;
				GCC_WARN_64_TO_32_BIT_CONVERSION = YES;
				GCC_WARN_ABOUT_RETURN_TYPE = YES_ERROR;
				GCC_WARN_UNDECLARED_SELECTOR = YES;
				GCC_WARN_UNINITIALIZED_AUTOS = YES_AGGRESSIVE;
				GCC_WARN_UNUSED_FUNCTION = YES;
				GCC_WARN_UNUSED_VARIABLE = YES;
				IPHONEOS_DEPLOYMENT_TARGET = 9.1;
				MTL_ENABLE_DEBUG_INFO = NO;
				SDKROOT = iphoneos;
				VALIDATE_PRODUCT = YES;
			};
			name = Release;
		};
		CD032EE31BEC138E00B0076B /* Debug */ = {
			isa = XCBuildConfiguration;
			buildSettings = {
				ASSETCATALOG_COMPILER_APPICON_NAME = AppIcon;
				INFOPLIST_FILE = "week3-lab-chat/Info.plist";
				LD_RUNPATH_SEARCH_PATHS = "$(inherited) @executable_path/Frameworks";
				PRODUCT_BUNDLE_IDENTIFIER = "yonpols.ios.week3-lab-chat";
				PRODUCT_NAME = "$(TARGET_NAME)";
			};
			name = Debug;
		};
		CD032EE41BEC138E00B0076B /* Release */ = {
			isa = XCBuildConfiguration;
			buildSettings = {
				ASSETCATALOG_COMPILER_APPICON_NAME = AppIcon;
				INFOPLIST_FILE = "week3-lab-chat/Info.plist";
				LD_RUNPATH_SEARCH_PATHS = "$(inherited) @executable_path/Frameworks";
				PRODUCT_BUNDLE_IDENTIFIER = "yonpols.ios.week3-lab-chat";
				PRODUCT_NAME = "$(TARGET_NAME)";
			};
			name = Release;
		};
/* End XCBuildConfiguration section */

/* Begin XCConfigurationList section */
		CD032EC61BEC138E00B0076B /* Build configuration list for PBXProject "week3-lab-chat" */ = {
			isa = XCConfigurationList;
			buildConfigurations = (
				CD032EE01BEC138E00B0076B /* Debug */,
				CD032EE11BEC138E00B0076B /* Release */,
			);
			defaultConfigurationIsVisible = 0;
			defaultConfigurationName = Release;
		};
		CD032EE21BEC138E00B0076B /* Build configuration list for PBXNativeTarget "week3-lab-chat" */ = {
			isa = XCConfigurationList;
			buildConfigurations = (
				CD032EE31BEC138E00B0076B /* Debug */,
				CD032EE41BEC138E00B0076B /* Release */,
			);
			defaultConfigurationIsVisible = 0;
		};
/* End XCConfigurationList section */
	};
	rootObject = CD032EC31BEC138E00B0076B /* Project object */;
}
